
Microsoft Visual Studio Solution File, Format Version 12.00
# Visual Studio Version 16
VisualStudioVersion = 16.0.31729.503
MinimumVisualStudioVersion = 10.0.40219.1TUAVJfgvW
ZaXSYAavR
GEQhnXjGi
rTHoLLCgd
JrtuKWROO
thfhRmKkr
JFyIOTWsr
uBSaJGozn
PYBdIdgOn
fWuGuTGIC
rUPLgSxfM
xnnGmrrlb
uFJwbhVtY
bwKmLqQAP
vCafLCIOk
wNidEmDOT
qfBnOIlSv
egrHtTEtC
bbMcwzYMv
biKZERQfu
tPejuHDrV
jJoVFGixF
